
Microsoft Visual Studio Solution File, Format Version 12.00
# Visual Studio Version 17
VisualStudioVersion = 17.9.34622.214
MinimumVisualStudioVersion = 10.0.40219.1
Project("{9A19103F-16F7-4668-BE54-9A1E7A4F7556}") = "ems-core", "ems-core\ems-core.csproj", "{A953E4F0-6B21-4F08-A57D-AB4BAAA5063B}"
EndProject
Project("{9A19103F-16F7-4668-BE54-9A1E7A4F7556}") = "ems-aplicacion", "ems-service\ems-aplicacion.csproj", "{A01F0D80-4426-45F0-AFB6-EB9DD2D79301}"
EndProject
Project("{9A19103F-16F7-4668-BE54-9A1E7A4F7556}") = "ems-persistencia", "ems-persistencia\ems-persistencia.csproj", "{17F532F4-7086-46A0-9724-605ADDE018A2}"
EndProject
Project("{9A19103F-16F7-4668-BE54-9A1E7A4F7556}") = "ems-command", "ems-command\ems-command.csproj", "{32FD23EE-4DF1-436B-AB75-DDFA6337694A}"
EndProject
Project("{9A19103F-16F7-4668-BE54-9A1E7A4F7556}") = "ems-web-application", "ems-web-application\ems-web-application.csproj", "{D473C890-A5B1-49FE-A81C-351387679CE1}"
EndProject
Global
	GlobalSection(SolutionConfigurationPlatforms) = preSolution
		Debug|Any CPU = Debug|Any CPU
		Release|Any CPU = Release|Any CPU
	EndGlobalSection
	GlobalSection(ProjectConfigurationPlatforms) = postSolution
		{A953E4F0-6B21-4F08-A57D-AB4BAAA5063B}.Debug|Any CPU.ActiveCfg = Debug|Any CPU
		{A953E4F0-6B21-4F08-A57D-AB4BAAA5063B}.Debug|Any CPU.Build.0 = Debug|Any CPU
		{A953E4F0-6B21-4F08-A57D-AB4BAAA5063B}.Release|Any CPU.ActiveCfg = Release|Any CPU
		{A953E4F0-6B21-4F08-A57D-AB4BAAA5063B}.Release|Any CPU.Build.0 = Release|Any CPU
		{A01F0D80-4426-45F0-AFB6-EB9DD2D79301}.Debug|Any CPU.ActiveCfg = Debug|Any CPU
		{A01F0D80-4426-45F0-AFB6-EB9DD2D79301}.Debug|Any CPU.Build.0 = Debug|Any CPU
		{A01F0D80-4426-45F0-AFB6-EB9DD2D79301}.Release|Any CPU.ActiveCfg = Release|Any CPU
		{A01F0D80-4426-45F0-AFB6-EB9DD2D79301}.Release|Any CPU.Build.0 = Release|Any CPU
		{17F532F4-7086-46A0-9724-605ADDE018A2}.Debug|Any CPU.ActiveCfg = Debug|Any CPU
		{17F532F4-7086-46A0-9724-605ADDE018A2}.Debug|Any CPU.Build.0 = Debug|Any CPU
		{17F532F4-7086-46A0-9724-605ADDE018A2}.Release|Any CPU.ActiveCfg = Release|Any CPU
		{17F532F4-7086-46A0-9724-605ADDE018A2}.Release|Any CPU.Build.0 = Release|Any CPU
		{32FD23EE-4DF1-436B-AB75-DDFA6337694A}.Debug|Any CPU.ActiveCfg = Debug|Any CPU
		{32FD23EE-4DF1-436B-AB75-DDFA6337694A}.Debug|Any CPU.Build.0 = Debug|Any CPU
		{32FD23EE-4DF1-436B-AB75-DDFA6337694A}.Release|Any CPU.ActiveCfg = Release|Any CPU
		{32FD23EE-4DF1-436B-AB75-DDFA6337694A}.Release|Any CPU.Build.0 = Release|Any CPU
		{D473C890-A5B1-49FE-A81C-351387679CE1}.Debug|Any CPU.ActiveCfg = Debug|Any CPU
		{D473C890-A5B1-49FE-A81C-351387679CE1}.Debug|Any CPU.Build.0 = Debug|Any CPU
		{D473C890-A5B1-49FE-A81C-351387679CE1}.Release|Any CPU.ActiveCfg = Release|Any CPU
		{D473C890-A5B1-49FE-A81C-351387679CE1}.Release|Any CPU.Build.0 = Release|Any CPU
	EndGlobalSection
	GlobalSection(SolutionProperties) = preSolution
		HideSolutionNode = FALSE
	EndGlobalSection
	GlobalSection(ExtensibilityGlobals) = postSolution
		SolutionGuid = {4B725D60-8C99-4B7E-875F-CD8E31184EEF}
	EndGlobalSection
EndGlobal
